
Microsoft Visual Studio Solution File, Format Version 12.00
# Visual Studio Version 17
VisualStudioVersion = 17.9.34714.143
MinimumVisualStudioVersion = 10.0.40219.1
Project("{9A19103F-16F7-4668-BE54-9A1E7A4F7556}") = "BinarySearchAlgorithm", "BinarySearchAlgorithm\BinarySearchAlgorithm.csproj", "{D2714ABD-75C4-44F1-A3E1-698E32281D07}"
EndProject
Project("{FAE04EC0-301F-11D3-BF4B-00C04F79EFBC}") = "RotateArray", "RotateArray\RotateArray.csproj", "{F071E38D-DB00-461A-8712-F383E8B065D9}"
EndProject
Global
	GlobalSection(SolutionConfigurationPlatforms) = preSolution
		Debug|Any CPU = Debug|Any CPU
		Release|Any CPU = Release|Any CPU
	EndGlobalSection
	GlobalSection(ProjectConfigurationPlatforms) = postSolution
		{D2714ABD-75C4-44F1-A3E1-698E32281D07}.Debug|Any CPU.ActiveCfg = Debug|Any CPU
		{D2714ABD-75C4-44F1-A3E1-698E32281D07}.Debug|Any CPU.Build.0 = Debug|Any CPU
		{D2714ABD-75C4-44F1-A3E1-698E32281D07}.Release|Any CPU.ActiveCfg = Release|Any CPU
		{D2714ABD-75C4-44F1-A3E1-698E32281D07}.Release|Any CPU.Build.0 = Release|Any CPU
		{F071E38D-DB00-461A-8712-F383E8B065D9}.Debug|Any CPU.ActiveCfg = Debug|Any CPU
		{F071E38D-DB00-461A-8712-F383E8B065D9}.Debug|Any CPU.Build.0 = Debug|Any CPU
		{F071E38D-DB00-461A-8712-F383E8B065D9}.Release|Any CPU.ActiveCfg = Release|Any CPU
		{F071E38D-DB00-461A-8712-F383E8B065D9}.Release|Any CPU.Build.0 = Release|Any CPU
	EndGlobalSection
	GlobalSection(SolutionProperties) = preSolution
		HideSolutionNode = FALSE
	EndGlobalSection
	GlobalSection(ExtensibilityGlobals) = postSolution
		SolutionGuid = {7D3C6B50-3914-4AD7-BCEC-5BF86110E1A7}
	EndGlobalSection
EndGlobal
